
Microsoft Visual Studio Solution File, Format Version 12.00
# Visual Studio Version 17
VisualStudioVersion = 17.11.35303.130
MinimumVisualStudioVersion = 10.0.40219.1
Project("{9A19103F-16F7-4668-BE54-9A1E7A4F7556}") = "AppOracleMaui", "AppOracleMaui\AppOracleMaui.csproj", "{8CBD60AB-64CE-4EBB-9084-E3AE5A549678}"
EndProject
Project("{9A19103F-16F7-4668-BE54-9A1E7A4F7556}") = "WebApiEfOracle", "WebApiEfOracle\WebApiEfOracle.csproj", "{E17CD5F4-44CF-4D65-A694-B5E9BE35BE0F}"
EndProject
Project("{FAE04EC0-301F-11D3-BF4B-00C04F79EFBC}") = "ModelOracleDemo", "ModelOracleDemo\ModelOracleDemo.csproj", "{DC751C6D-1670-45CF-B138-949088633E5A}"
EndProject
Global
	GlobalSection(SolutionConfigurationPlatforms) = preSolution
		Debug|Any CPU = Debug|Any CPU
		Release|Any CPU = Release|Any CPU
	EndGlobalSection
	GlobalSection(ProjectConfigurationPlatforms) = postSolution
		{8CBD60AB-64CE-4EBB-9084-E3AE5A549678}.Debug|Any CPU.ActiveCfg = Debug|Any CPU
		{8CBD60AB-64CE-4EBB-9084-E3AE5A549678}.Debug|Any CPU.Build.0 = Debug|Any CPU
		{8CBD60AB-64CE-4EBB-9084-E3AE5A549678}.Debug|Any CPU.Deploy.0 = Debug|Any CPU
		{8CBD60AB-64CE-4EBB-9084-E3AE5A549678}.Release|Any CPU.ActiveCfg = Release|Any CPU
		{8CBD60AB-64CE-4EBB-9084-E3AE5A549678}.Release|Any CPU.Build.0 = Release|Any CPU
		{8CBD60AB-64CE-4EBB-9084-E3AE5A549678}.Release|Any CPU.Deploy.0 = Release|Any CPU
		{E17CD5F4-44CF-4D65-A694-B5E9BE35BE0F}.Debug|Any CPU.ActiveCfg = Debug|Any CPU
		{E17CD5F4-44CF-4D65-A694-B5E9BE35BE0F}.Debug|Any CPU.Build.0 = Debug|Any CPU
		{E17CD5F4-44CF-4D65-A694-B5E9BE35BE0F}.Release|Any CPU.ActiveCfg = Release|Any CPU
		{E17CD5F4-44CF-4D65-A694-B5E9BE35BE0F}.Release|Any CPU.Build.0 = Release|Any CPU
		{DC751C6D-1670-45CF-B138-949088633E5A}.Debug|Any CPU.ActiveCfg = Debug|Any CPU
		{DC751C6D-1670-45CF-B138-949088633E5A}.Debug|Any CPU.Build.0 = Debug|Any CPU
		{DC751C6D-1670-45CF-B138-949088633E5A}.Release|Any CPU.ActiveCfg = Release|Any CPU
		{DC751C6D-1670-45CF-B138-949088633E5A}.Release|Any CPU.Build.0 = Release|Any CPU
	EndGlobalSection
	GlobalSection(SolutionProperties) = preSolution
		HideSolutionNode = FALSE
	EndGlobalSection
	GlobalSection(ExtensibilityGlobals) = postSolution
		SolutionGuid = {2D3275AD-FCF5-49B9-9CAE-CF78AE81539C}
	EndGlobalSection
EndGlobal
